
Microsoft Visual Studio Solution File, Format Version 12.00
Project("{FAE04EC0-301F-11D3-BF4B-00C04F79EFBC}") = "OppgavePassordGenerator", "OppgavePassordGenerator\OppgavePassordGenerator.csproj", "{14BFB5E5-81D7-4FAC-A7AA-6C24CAB3B2A1}"
EndProject
Global
	GlobalSection(SolutionConfigurationPlatforms) = preSolution
		Debug|Any CPU = Debug|Any CPU
		Release|Any CPU = Release|Any CPU
	EndGlobalSection
	GlobalSection(ProjectConfigurationPlatforms) = postSolution
		{14BFB5E5-81D7-4FAC-A7AA-6C24CAB3B2A1}.Debug|Any CPU.ActiveCfg = Debug|Any CPU
		{14BFB5E5-81D7-4FAC-A7AA-6C24CAB3B2A1}.Debug|Any CPU.Build.0 = Debug|Any CPU
		{14BFB5E5-81D7-4FAC-A7AA-6C24CAB3B2A1}.Release|Any CPU.ActiveCfg = Release|Any CPU
		{14BFB5E5-81D7-4FAC-A7AA-6C24CAB3B2A1}.Release|Any CPU.Build.0 = Release|Any CPU
	EndGlobalSection
EndGlobal
